
Microsoft Visual Studio Solution File, Format Version 12.00
# Visual Studio Version 17
VisualStudioVersion = 17.1.32319.34
MinimumVisualStudioVersion = 10.0.40219.1
Project("{FAE04EC0-301F-11D3-BF4B-00C04F79EFBC}") = "TugasMethodTest", "TugasMethodTest\TugasMethodTest.csproj", "{B2926DA3-D6F4-45BF-9CFA-9010ACAEB3DC}"
EndProject
Global
	GlobalSection(SolutionConfigurationPlatforms) = preSolution
		Debug|Any CPU = Debug|Any CPU
		Release|Any CPU = Release|Any CPU
	EndGlobalSection
	GlobalSection(ProjectConfigurationPlatforms) = postSolution
		{B2926DA3-D6F4-45BF-9CFA-9010ACAEB3DC}.Debug|Any CPU.ActiveCfg = Debug|Any CPU
		{B2926DA3-D6F4-45BF-9CFA-9010ACAEB3DC}.Debug|Any CPU.Build.0 = Debug|Any CPU
		{B2926DA3-D6F4-45BF-9CFA-9010ACAEB3DC}.Release|Any CPU.ActiveCfg = Release|Any CPU
		{B2926DA3-D6F4-45BF-9CFA-9010ACAEB3DC}.Release|Any CPU.Build.0 = Release|Any CPU
	EndGlobalSection
	GlobalSection(SolutionProperties) = preSolution
		HideSolutionNode = FALSE
	EndGlobalSection
	GlobalSection(ExtensibilityGlobals) = postSolution
		SolutionGuid = {437D436A-01C6-42AC-84F6-1A81C059FEA4}
	EndGlobalSection
EndGlobal
